
Microsoft Visual Studio Solution File, Format Version 12.00
# Visual Studio Version 17
VisualStudioVersion = 17.3.32929.385
MinimumVisualStudioVersion = 10.0.40219.1
Project("{FAE04EC0-301F-11D3-BF4B-00C04F79EFBC}") = "HomeworkEighteen", "HomeworkEighteen\HomeworkEighteen.csproj", "{BCC60050-A4AC-4297-A077-FEC10E00C5BB}"
EndProject
Global
	GlobalSection(SolutionConfigurationPlatforms) = preSolution
		Debug|Any CPU = Debug|Any CPU
		Release|Any CPU = Release|Any CPU
	EndGlobalSection
	GlobalSection(ProjectConfigurationPlatforms) = postSolution
		{BCC60050-A4AC-4297-A077-FEC10E00C5BB}.Debug|Any CPU.ActiveCfg = Debug|Any CPU
		{BCC60050-A4AC-4297-A077-FEC10E00C5BB}.Debug|Any CPU.Build.0 = Debug|Any CPU
		{BCC60050-A4AC-4297-A077-FEC10E00C5BB}.Release|Any CPU.ActiveCfg = Release|Any CPU
		{BCC60050-A4AC-4297-A077-FEC10E00C5BB}.Release|Any CPU.Build.0 = Release|Any CPU
	EndGlobalSection
	GlobalSection(SolutionProperties) = preSolution
		HideSolutionNode = FALSE
	EndGlobalSection
	GlobalSection(ExtensibilityGlobals) = postSolution
		SolutionGuid = {CBB0D189-5C6A-454F-ACB7-701960B93652}
	EndGlobalSection
EndGlobal
